{
  "lockfileVersion": 1,
  "packages": {
    "@oxlint-tsgolint/linux-x64": {
      "dependencies": {},
      "has_install_script": false,
      "integrity": "sha512-xcz3CxKmjTQLREtE/UShh+ruWmm9nAb7UM9zKcD65BStiuYgOakAKkPHl4YS5DztpVcDrE0+HqbOolTlRKYWmw==",
      "optional_dependencies": {},
      "tarball": "https://registry.npmjs.org/@oxlint-tsgolint/linux-x64/-/linux-x64-0.24.0.tgz",
      "version": "0.24.0"
    }
  },
  "policy": {
    "allow_registry_redirects": false,
    "allowed_registries": [
      "https://registry.npmjs.org"
    ],
    "block_exotic_subdeps": true,
    "exotic_deps": []
  }
}
